
Microsoft Visual Studio Solution File, Format Version 12.00
# Visual Studio Version 16
VisualStudioVersion = 16.0.29709.97
MinimumVisualStudioVersion = 10.0.40219.1
Project("{FAE04EC0-301F-11D3-BF4B-00C04F79EFBC}") = "HIMS", "Project2\HIMS.csproj", "{7C4B3BAA-D72C-4D74-9CF6-A09FE6A2CAAE}"
EndProject
Global
	GlobalSection(SolutionConfigurationPlatforms) = preSolution
		Debug|Any CPU = Debug|Any CPU
		Release|Any CPU = Release|Any CPU
	EndGlobalSection
	GlobalSection(ProjectConfigurationPlatforms) = postSolution
		{7C4B3BAA-D72C-4D74-9CF6-A09FE6A2CAAE}.Debug|Any CPU.ActiveCfg = Debug|Any CPU
		{7C4B3BAA-D72C-4D74-9CF6-A09FE6A2CAAE}.Debug|Any CPU.Build.0 = Debug|Any CPU
		{7C4B3BAA-D72C-4D74-9CF6-A09FE6A2CAAE}.Release|Any CPU.ActiveCfg = Release|Any CPU
		{7C4B3BAA-D72C-4D74-9CF6-A09FE6A2CAAE}.Release|Any CPU.Build.0 = Release|Any CPU
	EndGlobalSection
	GlobalSection(SolutionProperties) = preSolution
		HideSolutionNode = FALSE
	EndGlobalSection
	GlobalSection(ExtensibilityGlobals) = postSolution
		SolutionGuid = {AFEA069B-AB20-4383-BBD8-1353BF78AB41}
	EndGlobalSection
EndGlobal
